
Microsoft Visual Studio Solution File, Format Version 12.00
# Visual Studio 15
VisualStudioVersion = 15.0.27703.2026
MinimumVisualStudioVersion = 10.0.40219.1
Project("{FAE04EC0-301F-11D3-BF4B-00C04F79EFBC}") = "BettingApp", "BettingApp\BettingApp.csproj", "{F4EB44A8-24DF-49E2-8D00-EB6DB6539030}"
EndProject
Global
	GlobalSection(SolutionConfigurationPlatforms) = preSolution
		Debug|Any CPU = Debug|Any CPU
		Release|Any CPU = Release|Any CPU
	EndGlobalSection
	GlobalSection(ProjectConfigurationPlatforms) = postSolution
		{F4EB44A8-24DF-49E2-8D00-EB6DB6539030}.Debug|Any CPU.ActiveCfg = Debug|Any CPU
		{F4EB44A8-24DF-49E2-8D00-EB6DB6539030}.Debug|Any CPU.Build.0 = Debug|Any CPU
		{F4EB44A8-24DF-49E2-8D00-EB6DB6539030}.Release|Any CPU.ActiveCfg = Release|Any CPU
		{F4EB44A8-24DF-49E2-8D00-EB6DB6539030}.Release|Any CPU.Build.0 = Release|Any CPU
	EndGlobalSection
	GlobalSection(SolutionProperties) = preSolution
		HideSolutionNode = FALSE
	EndGlobalSection
	GlobalSection(ExtensibilityGlobals) = postSolution
		SolutionGuid = {04F72FB7-4180-4BDB-9390-8CF6891D8FFC}
	EndGlobalSection
EndGlobal
